# This file is autogenerated, do not edit; changes may be undone by the next 'dep ensure'.


[[projects]]
  digest = "1:cd91fa48598c40b7266bcb45d6a1c970b64156cb1ebbba6b8500d047cff46a66"
  name = "github.com/aerospike/aerospike-client-go"
  packages = [
    ".",
    "internal/lua",
    "internal/lua/resources",
    "logger",
    "pkg/bcrypt",
    "pkg/ripemd160",
    "types",
    "types/atomic",
    "types/particle_type",
    "types/rand",
    "utils/buffer",
  ]
  pruneopts = "UT"
  revision = "381966ce7118069ebe37f2b5eeec91fb656448f8"
  version = "v1.38.0"

[[projects]]
  digest = "1:263aa665927392decb1abb60d3a4f760ea6f97d3686d03d2d1ef80be5e78ebec"
  name = "github.com/battlesrv/p42"
  packages = [
    "common",
    "db",
  ]
  pruneopts = "UT"
  revision = "f3f13d78e16fd9df78cfd265631f962531575450"
  version = "v0.0.2"

[[projects]]
  digest = "1:b24d38b282bacf9791408a080f606370efa3d364e4b5fd9ba0f7b87786d3b679"
  name = "github.com/urfave/cli"
  packages = ["."]
  pruneopts = "UT"
  revision = "cfb38830724cc34fedffe9a2a29fb54fa9169cd1"
  version = "v1.20.0"

[[projects]]
  branch = "master"
  digest = "1:bd191b42ec841c1f7eff4206367220294d91fd7fa01b33e1a2ce6084eb2c5ce2"
  name = "github.com/yuin/gopher-lua"
  packages = [
    ".",
    "ast",
    "parse",
    "pm",
  ]
  pruneopts = "UT"
  revision = "8bfc7677f583b35a5663a9dd934c08f3b5774bbb"

[solve-meta]
  analyzer-name = "dep"
  analyzer-version = 1
  input-imports = [
    "github.com/battlesrv/p42/common",
    "github.com/battlesrv/p42/db",
    "github.com/urfave/cli",
  ]
  solver-name = "gps-cdcl"
  solver-version = 1
